
Microsoft Visual Studio Solution File, Format Version 12.00
# Visual Studio 2013
VisualStudioVersion = 12.0.21005.1
MinimumVisualStudioVersion = 10.0.40219.1
Project("{FAE04EC0-301F-11D3-BF4B-00C04F79EFBC}") = "TestTriangle", "TestTriangle\TestTriangle.csproj", "{0935305F-B323-435A-A3F7-D2040F96EFB2}"
EndProject
Project("{FAE04EC0-301F-11D3-BF4B-00C04F79EFBC}") = "MyFirTree", "FirTree\MyFirTree.csproj", "{C725E3E3-0B04-4E10-85AF-252A83DBAED5}"
EndProject
Project("{FAE04EC0-301F-11D3-BF4B-00C04F79EFBC}") = "MyFirTreeTwo", "FirTreeTwo\MyFirTreeTwo.csproj", "{EF08D337-8659-40EA-ABB3-F0862BBBFD86}"
EndProject
Project("{FAE04EC0-301F-11D3-BF4B-00C04F79EFBC}") = "TribonacciTriangle", "TribonacciTriangle\TribonacciTriangle.csproj", "{DF4CC6D9-65B0-49A3-BBA8-C501D930DFEA}"
EndProject
Project("{FAE04EC0-301F-11D3-BF4B-00C04F79EFBC}") = "Isosceles Triangle", "Isosceles Triangle\Isosceles Triangle.csproj", "{1417D9A7-F1D7-4792-8630-CBAF8815532E}"
EndProject
Project("{FAE04EC0-301F-11D3-BF4B-00C04F79EFBC}") = "BitsProblem", "BitsProblem\BitsProblem.csproj", "{5822F73D-9935-462E-B327-54E98D5FE01C}"
EndProject
Project("{FAE04EC0-301F-11D3-BF4B-00C04F79EFBC}") = "Homework3Question16", "test2\Homework3Question16.csproj", "{F24FE7F7-3716-4573-BDC2-CC40624A7D08}"
EndProject
Project("{FAE04EC0-301F-11D3-BF4B-00C04F79EFBC}") = "Kaspichania", "Kaspichania\Kaspichania.csproj", "{A4EAB1EC-F074-40AA-A49E-9BD26D8D6268}"
EndProject
Project("{FAE04EC0-301F-11D3-BF4B-00C04F79EFBC}") = "problem", "problem\problem.csproj", "{0EB0C736-900C-4921-A0C3-284FB1B9000B}"
EndProject
Project("{FAE04EC0-301F-11D3-BF4B-00C04F79EFBC}") = "fivenumsinsinglelane", "fivenumsinsinglelane\fivenumsinsinglelane.csproj", "{EC85F0E3-A5C0-4A75-8430-98E715D9FCC1}"
EndProject
Project("{FAE04EC0-301F-11D3-BF4B-00C04F79EFBC}") = "BeerTime", "BeerTime\BeerTime.csproj", "{205C7D3D-462A-484B-8AA7-DD64FDB38D5C}"
EndProject
Project("{FAE04EC0-301F-11D3-BF4B-00C04F79EFBC}") = "FallingRocks", "FallingRocks\FallingRocks.csproj", "{FA5C062C-95A2-4B34-8B77-81C1DF764306}"
EndProject
Project("{FAE04EC0-301F-11D3-BF4B-00C04F79EFBC}") = "FallingRocksTest", "FallingRocksTest\FallingRocksTest.csproj", "{03861091-52A5-4FF8-B07B-4DCFE193115A}"
EndProject
Project("{FAE04EC0-301F-11D3-BF4B-00C04F79EFBC}") = "testingg", "testingg\testingg.csproj", "{1A93D076-087E-4C58-B809-8A27885B0567}"
EndProject
Project("{FAE04EC0-301F-11D3-BF4B-00C04F79EFBC}") = "testt", "testt\testt.csproj", "{561BCE7C-B3C2-4151-B946-5A0C8882C91B}"
EndProject
Project("{FAE04EC0-301F-11D3-BF4B-00C04F79EFBC}") = "CoordinateSystem", "CoordinateSystem\CoordinateSystem.csproj", "{64B645A8-F413-4624-B3DD-F024AD88C28F}"
EndProject
Project("{FAE04EC0-301F-11D3-BF4B-00C04F79EFBC}") = "DrawFigure", "DrawFigure\DrawFigure.csproj", "{04219062-5742-4DEA-B1A9-A0D112EAAA41}"
EndProject
Project("{FAE04EC0-301F-11D3-BF4B-00C04F79EFBC}") = "TribonacciMasivi", "TribonacciMasivi\TribonacciMasivi.csproj", "{BCE7E3C8-13B9-464B-8DC0-CB50F6B7EFDA}"
EndProject
Project("{FAE04EC0-301F-11D3-BF4B-00C04F79EFBC}") = "WeAllLoveBits", "WeAllLoveBits\WeAllLoveBits.csproj", "{EB91939B-DFAF-4361-AA0E-1A0E4EC56C0B}"
EndProject
Project("{FAE04EC0-301F-11D3-BF4B-00C04F79EFBC}") = "MissCat", "MissCat\MissCat.csproj", "{9BE20DF6-4123-49BC-952A-2F738E600EEE}"
EndProject
Project("{FAE04EC0-301F-11D3-BF4B-00C04F79EFBC}") = "ForestRoad", "ForestRoad\ForestRoad.csproj", "{ABBED724-4BDB-47BA-96EE-8444D2C489E3}"
EndProject
Project("{FAE04EC0-301F-11D3-BF4B-00C04F79EFBC}") = "intinbinary", "intinbinary\intinbinary.csproj", "{9176FDCD-F4B8-4F16-8CBF-1A627B1E84D4}"
EndProject
Project("{FAE04EC0-301F-11D3-BF4B-00C04F79EFBC}") = "BinaryDigitsCount", "BinaryDigitsCount\BinaryDigitsCount.csproj", "{F68C3E15-2A6D-4DE4-BDBB-D697C67F7774}"
EndProject
Project("{FAE04EC0-301F-11D3-BF4B-00C04F79EFBC}") = "MathExpression", "MathExpression\MathExpression.csproj", "{2EE8933B-2286-4629-A26B-51B7D5F5226A}"
EndProject
Project("{FAE04EC0-301F-11D3-BF4B-00C04F79EFBC}") = "Trapezoid", "Trapezoid\Trapezoid.csproj", "{F4A8048B-7C53-48B2-B8D9-CB660932A719}"
EndProject
Project("{FAE04EC0-301F-11D3-BF4B-00C04F79EFBC}") = "OddNumber", "OddNumber\OddNumber.csproj", "{DC1AAAE3-DA02-408C-A208-CDBE37A281EE}"
EndProject
Project("{FAE04EC0-301F-11D3-BF4B-00C04F79EFBC}") = "majorityMultiple", "majorityMultiple\majorityMultiple.csproj", "{C985F17C-2AC0-4217-AAFE-4E1625144020}"
EndProject
Project("{FAE04EC0-301F-11D3-BF4B-00C04F79EFBC}") = "Garden", "Garden\Garden.csproj", "{E3573750-6E20-455B-8425-82911B6B5214}"
EndProject
Project("{FAE04EC0-301F-11D3-BF4B-00C04F79EFBC}") = "batGoikoTower", "batGoikoTower\batGoikoTower.csproj", "{E7A22FEA-9D89-485E-B42E-16442EDD75D8}"
EndProject
Project("{FAE04EC0-301F-11D3-BF4B-00C04F79EFBC}") = "TheSacretsOfNumbers", "TheSacretsOfNumbers\TheSacretsOfNumbers.csproj", "{97F2C790-472B-48D5-A36D-4D75CC7DA0A0}"
EndProject
Project("{FAE04EC0-301F-11D3-BF4B-00C04F79EFBC}") = "Carpets", "Carpets\Carpets.csproj", "{C3678E2F-0E21-4F2F-9B26-25ABE43B31F9}"
EndProject
Project("{FAE04EC0-301F-11D3-BF4B-00C04F79EFBC}") = "UKFlag", "UKFlag\UKFlag.csproj", "{0F68B3F3-4D34-4E16-8F7B-70EB0EF4BE1F}"
EndProject
Project("{FAE04EC0-301F-11D3-BF4B-00C04F79EFBC}") = "SevenlandNumbers", "SevenlandNumbers\SevenlandNumbers.csproj", "{650FE02C-6F32-4722-9124-0A076A36B576}"
EndProject
Project("{FAE04EC0-301F-11D3-BF4B-00C04F79EFBC}") = "PeaceOfCake", "PeaceOfCake\PeaceOfCake.csproj", "{158595E8-1F7A-492E-B818-D34992495464}"
EndProject
Project("{FAE04EC0-301F-11D3-BF4B-00C04F79EFBC}") = "AngryGPS", "AngryGPS\AngryGPS.csproj", "{2A0E22B9-61CA-4B97-B1E5-15FB18F69C1E}"
EndProject
Project("{FAE04EC0-301F-11D3-BF4B-00C04F79EFBC}") = "OnesAndZeros", "OnesAndZeros\OnesAndZeros.csproj", "{50C4FD61-1143-4B84-BDF0-9012AEED9DD4}"
EndProject
Project("{FAE04EC0-301F-11D3-BF4B-00C04F79EFBC}") = "Eggcelent", "Eggcelent\Eggcelent.csproj", "{197BA32B-F4D3-4384-967B-F92898657135}"
EndProject
Project("{FAE04EC0-301F-11D3-BF4B-00C04F79EFBC}") = "Smetalnika", "Smetalnika\Smetalnika.csproj", "{50695C39-6C28-449E-AE15-5DB67A8F58C1}"
EndProject
Project("{FAE04EC0-301F-11D3-BF4B-00C04F79EFBC}") = "Anacii", "Anacii\Anacii.csproj", "{CF3470ED-9375-4847-B69F-DE77CEA9B4D1}"
EndProject
Project("{FAE04EC0-301F-11D3-BF4B-00C04F79EFBC}") = "BitsBall", "BitsBall\BitsBall.csproj", "{40C0BF91-42A3-4ED6-BA35-0E21AB29FB08}"
EndProject
Project("{FAE04EC0-301F-11D3-BF4B-00C04F79EFBC}") = "ExcelSheets", "ExcelSheets\ExcelSheets.csproj", "{671D5330-25A9-44D7-8C3A-A09079EBBD53}"
EndProject
Project("{FAE04EC0-301F-11D3-BF4B-00C04F79EFBC}") = "TelerikLogo", "TelerikLogo\TelerikLogo.csproj", "{D0F9CB1B-CC42-4C75-9385-7190CD39CC68}"
EndProject
Project("{FAE04EC0-301F-11D3-BF4B-00C04F79EFBC}") = "TelerikLogoTwo", "TelerikLogoTwo\TelerikLogoTwo.csproj", "{81DECE9D-42E6-43B6-8171-BAE180184B67}"
EndProject
Project("{FAE04EC0-301F-11D3-BF4B-00C04F79EFBC}") = "Bittris", "Bittris\Bittris.csproj", "{17A9458A-D060-498D-A60A-3718B20AEF44}"
EndProject
Project("{FAE04EC0-301F-11D3-BF4B-00C04F79EFBC}") = "Secrets", "Secrets\Secrets.csproj", "{A5660D16-CDA9-496F-B75C-62E55719C67A}"
EndProject
Project("{FAE04EC0-301F-11D3-BF4B-00C04F79EFBC}") = "CardWars", "CardWars\CardWars.csproj", "{73664D2A-D288-44B9-BA5B-D422391F18DE}"
EndProject
Project("{FAE04EC0-301F-11D3-BF4B-00C04F79EFBC}") = "PageCookies", "PageCookies\PageCookies.csproj", "{777E8287-9F5C-4219-ADC2-00BB2ECEF3B7}"
EndProject
Global
	GlobalSection(SolutionConfigurationPlatforms) = preSolution
		Debug|Any CPU = Debug|Any CPU
		Release|Any CPU = Release|Any CPU
	EndGlobalSection
	GlobalSection(ProjectConfigurationPlatforms) = postSolution
		{0935305F-B323-435A-A3F7-D2040F96EFB2}.Debug|Any CPU.ActiveCfg = Debug|Any CPU
		{0935305F-B323-435A-A3F7-D2040F96EFB2}.Debug|Any CPU.Build.0 = Debug|Any CPU
		{0935305F-B323-435A-A3F7-D2040F96EFB2}.Release|Any CPU.ActiveCfg = Release|Any CPU
		{0935305F-B323-435A-A3F7-D2040F96EFB2}.Release|Any CPU.Build.0 = Release|Any CPU
		{C725E3E3-0B04-4E10-85AF-252A83DBAED5}.Debug|Any CPU.ActiveCfg = Debug|Any CPU
		{C725E3E3-0B04-4E10-85AF-252A83DBAED5}.Debug|Any CPU.Build.0 = Debug|Any CPU
		{C725E3E3-0B04-4E10-85AF-252A83DBAED5}.Release|Any CPU.ActiveCfg = Release|Any CPU
		{C725E3E3-0B04-4E10-85AF-252A83DBAED5}.Release|Any CPU.Build.0 = Release|Any CPU
		{EF08D337-8659-40EA-ABB3-F0862BBBFD86}.Debug|Any CPU.ActiveCfg = Debug|Any CPU
		{EF08D337-8659-40EA-ABB3-F0862BBBFD86}.Debug|Any CPU.Build.0 = Debug|Any CPU
		{EF08D337-8659-40EA-ABB3-F0862BBBFD86}.Release|Any CPU.ActiveCfg = Release|Any CPU
		{EF08D337-8659-40EA-ABB3-F0862BBBFD86}.Release|Any CPU.Build.0 = Release|Any CPU
		{DF4CC6D9-65B0-49A3-BBA8-C501D930DFEA}.Debug|Any CPU.ActiveCfg = Debug|Any CPU
		{DF4CC6D9-65B0-49A3-BBA8-C501D930DFEA}.Debug|Any CPU.Build.0 = Debug|Any CPU
		{DF4CC6D9-65B0-49A3-BBA8-C501D930DFEA}.Release|Any CPU.ActiveCfg = Release|Any CPU
		{DF4CC6D9-65B0-49A3-BBA8-C501D930DFEA}.Release|Any CPU.Build.0 = Release|Any CPU
		{1417D9A7-F1D7-4792-8630-CBAF8815532E}.Debug|Any CPU.ActiveCfg = Debug|Any CPU
		{1417D9A7-F1D7-4792-8630-CBAF8815532E}.Debug|Any CPU.Build.0 = Debug|Any CPU
		{1417D9A7-F1D7-4792-8630-CBAF8815532E}.Release|Any CPU.ActiveCfg = Release|Any CPU
		{1417D9A7-F1D7-4792-8630-CBAF8815532E}.Release|Any CPU.Build.0 = Release|Any CPU
		{5822F73D-9935-462E-B327-54E98D5FE01C}.Debug|Any CPU.ActiveCfg = Debug|Any CPU
		{5822F73D-9935-462E-B327-54E98D5FE01C}.Debug|Any CPU.Build.0 = Debug|Any CPU
		{5822F73D-9935-462E-B327-54E98D5FE01C}.Release|Any CPU.ActiveCfg = Release|Any CPU
		{5822F73D-9935-462E-B327-54E98D5FE01C}.Release|Any CPU.Build.0 = Release|Any CPU
		{F24FE7F7-3716-4573-BDC2-CC40624A7D08}.Debug|Any CPU.ActiveCfg = Debug|Any CPU
		{F24FE7F7-3716-4573-BDC2-CC40624A7D08}.Debug|Any CPU.Build.0 = Debug|Any CPU
		{F24FE7F7-3716-4573-BDC2-CC40624A7D08}.Release|Any CPU.ActiveCfg = Release|Any CPU
		{F24FE7F7-3716-4573-BDC2-CC40624A7D08}.Release|Any CPU.Build.0 = Release|Any CPU
		{A4EAB1EC-F074-40AA-A49E-9BD26D8D6268}.Debug|Any CPU.ActiveCfg = Debug|Any CPU
		{A4EAB1EC-F074-40AA-A49E-9BD26D8D6268}.Debug|Any CPU.Build.0 = Debug|Any CPU
		{A4EAB1EC-F074-40AA-A49E-9BD26D8D6268}.Release|Any CPU.ActiveCfg = Release|Any CPU
		{A4EAB1EC-F074-40AA-A49E-9BD26D8D6268}.Release|Any CPU.Build.0 = Release|Any CPU
		{0EB0C736-900C-4921-A0C3-284FB1B9000B}.Debug|Any CPU.ActiveCfg = Debug|Any CPU
		{0EB0C736-900C-4921-A0C3-284FB1B9000B}.Debug|Any CPU.Build.0 = Debug|Any CPU
		{0EB0C736-900C-4921-A0C3-284FB1B9000B}.Release|Any CPU.ActiveCfg = Release|Any CPU
		{0EB0C736-900C-4921-A0C3-284FB1B9000B}.Release|Any CPU.Build.0 = Release|Any CPU
		{EC85F0E3-A5C0-4A75-8430-98E715D9FCC1}.Debug|Any CPU.ActiveCfg = Debug|Any CPU
		{EC85F0E3-A5C0-4A75-8430-98E715D9FCC1}.Debug|Any CPU.Build.0 = Debug|Any CPU
		{EC85F0E3-A5C0-4A75-8430-98E715D9FCC1}.Release|Any CPU.ActiveCfg = Release|Any CPU
		{EC85F0E3-A5C0-4A75-8430-98E715D9FCC1}.Release|Any CPU.Build.0 = Release|Any CPU
		{205C7D3D-462A-484B-8AA7-DD64FDB38D5C}.Debug|Any CPU.ActiveCfg = Debug|Any CPU
		{205C7D3D-462A-484B-8AA7-DD64FDB38D5C}.Debug|Any CPU.Build.0 = Debug|Any CPU
		{205C7D3D-462A-484B-8AA7-DD64FDB38D5C}.Release|Any CPU.ActiveCfg = Release|Any CPU
		{205C7D3D-462A-484B-8AA7-DD64FDB38D5C}.Release|Any CPU.Build.0 = Release|Any CPU
		{FA5C062C-95A2-4B34-8B77-81C1DF764306}.Debug|Any CPU.ActiveCfg = Debug|Any CPU
		{FA5C062C-95A2-4B34-8B77-81C1DF764306}.Debug|Any CPU.Build.0 = Debug|Any CPU
		{FA5C062C-95A2-4B34-8B77-81C1DF764306}.Release|Any CPU.ActiveCfg = Release|Any CPU
		{FA5C062C-95A2-4B34-8B77-81C1DF764306}.Release|Any CPU.Build.0 = Release|Any CPU
		{03861091-52A5-4FF8-B07B-4DCFE193115A}.Debug|Any CPU.ActiveCfg = Debug|Any CPU
		{03861091-52A5-4FF8-B07B-4DCFE193115A}.Debug|Any CPU.Build.0 = Debug|Any CPU
		{03861091-52A5-4FF8-B07B-4DCFE193115A}.Release|Any CPU.ActiveCfg = Release|Any CPU
		{03861091-52A5-4FF8-B07B-4DCFE193115A}.Release|Any CPU.Build.0 = Release|Any CPU
		{1A93D076-087E-4C58-B809-8A27885B0567}.Debug|Any CPU.ActiveCfg = Debug|Any CPU
		{1A93D076-087E-4C58-B809-8A27885B0567}.Debug|Any CPU.Build.0 = Debug|Any CPU
		{1A93D076-087E-4C58-B809-8A27885B0567}.Release|Any CPU.ActiveCfg = Release|Any CPU
		{1A93D076-087E-4C58-B809-8A27885B0567}.Release|Any CPU.Build.0 = Release|Any CPU
		{561BCE7C-B3C2-4151-B946-5A0C8882C91B}.Debug|Any CPU.ActiveCfg = Debug|Any CPU
		{561BCE7C-B3C2-4151-B946-5A0C8882C91B}.Debug|Any CPU.Build.0 = Debug|Any CPU
		{561BCE7C-B3C2-4151-B946-5A0C8882C91B}.Release|Any CPU.ActiveCfg = Release|Any CPU
		{561BCE7C-B3C2-4151-B946-5A0C8882C91B}.Release|Any CPU.Build.0 = Release|Any CPU
		{64B645A8-F413-4624-B3DD-F024AD88C28F}.Debug|Any CPU.ActiveCfg = Debug|Any CPU
		{64B645A8-F413-4624-B3DD-F024AD88C28F}.Debug|Any CPU.Build.0 = Debug|Any CPU
		{64B645A8-F413-4624-B3DD-F024AD88C28F}.Release|Any CPU.ActiveCfg = Release|Any CPU
		{64B645A8-F413-4624-B3DD-F024AD88C28F}.Release|Any CPU.Build.0 = Release|Any CPU
		{04219062-5742-4DEA-B1A9-A0D112EAAA41}.Debug|Any CPU.ActiveCfg = Debug|Any CPU
		{04219062-5742-4DEA-B1A9-A0D112EAAA41}.Debug|Any CPU.Build.0 = Debug|Any CPU
		{04219062-5742-4DEA-B1A9-A0D112EAAA41}.Release|Any CPU.ActiveCfg = Release|Any CPU
		{04219062-5742-4DEA-B1A9-A0D112EAAA41}.Release|Any CPU.Build.0 = Release|Any CPU
		{BCE7E3C8-13B9-464B-8DC0-CB50F6B7EFDA}.Debug|Any CPU.ActiveCfg = Debug|Any CPU
		{BCE7E3C8-13B9-464B-8DC0-CB50F6B7EFDA}.Debug|Any CPU.Build.0 = Debug|Any CPU
		{BCE7E3C8-13B9-464B-8DC0-CB50F6B7EFDA}.Release|Any CPU.ActiveCfg = Release|Any CPU
		{BCE7E3C8-13B9-464B-8DC0-CB50F6B7EFDA}.Release|Any CPU.Build.0 = Release|Any CPU
		{EB91939B-DFAF-4361-AA0E-1A0E4EC56C0B}.Debug|Any CPU.ActiveCfg = Debug|Any CPU
		{EB91939B-DFAF-4361-AA0E-1A0E4EC56C0B}.Debug|Any CPU.Build.0 = Debug|Any CPU
		{EB91939B-DFAF-4361-AA0E-1A0E4EC56C0B}.Release|Any CPU.ActiveCfg = Release|Any CPU
		{EB91939B-DFAF-4361-AA0E-1A0E4EC56C0B}.Release|Any CPU.Build.0 = Release|Any CPU
		{9BE20DF6-4123-49BC-952A-2F738E600EEE}.Debug|Any CPU.ActiveCfg = Debug|Any CPU
		{9BE20DF6-4123-49BC-952A-2F738E600EEE}.Debug|Any CPU.Build.0 = Debug|Any CPU
		{9BE20DF6-4123-49BC-952A-2F738E600EEE}.Release|Any CPU.ActiveCfg = Release|Any CPU
		{9BE20DF6-4123-49BC-952A-2F738E600EEE}.Release|Any CPU.Build.0 = Release|Any CPU
		{ABBED724-4BDB-47BA-96EE-8444D2C489E3}.Debug|Any CPU.ActiveCfg = Debug|Any CPU
		{ABBED724-4BDB-47BA-96EE-8444D2C489E3}.Debug|Any CPU.Build.0 = Debug|Any CPU
		{ABBED724-4BDB-47BA-96EE-8444D2C489E3}.Release|Any CPU.ActiveCfg = Release|Any CPU
		{ABBED724-4BDB-47BA-96EE-8444D2C489E3}.Release|Any CPU.Build.0 = Release|Any CPU
		{9176FDCD-F4B8-4F16-8CBF-1A627B1E84D4}.Debug|Any CPU.ActiveCfg = Debug|Any CPU
		{9176FDCD-F4B8-4F16-8CBF-1A627B1E84D4}.Debug|Any CPU.Build.0 = Debug|Any CPU
		{9176FDCD-F4B8-4F16-8CBF-1A627B1E84D4}.Release|Any CPU.ActiveCfg = Release|Any CPU
		{9176FDCD-F4B8-4F16-8CBF-1A627B1E84D4}.Release|Any CPU.Build.0 = Release|Any CPU
		{F68C3E15-2A6D-4DE4-BDBB-D697C67F7774}.Debug|Any CPU.ActiveCfg = Debug|Any CPU
		{F68C3E15-2A6D-4DE4-BDBB-D697C67F7774}.Debug|Any CPU.Build.0 = Debug|Any CPU
		{F68C3E15-2A6D-4DE4-BDBB-D697C67F7774}.Release|Any CPU.ActiveCfg = Release|Any CPU
		{F68C3E15-2A6D-4DE4-BDBB-D697C67F7774}.Release|Any CPU.Build.0 = Release|Any CPU
		{2EE8933B-2286-4629-A26B-51B7D5F5226A}.Debug|Any CPU.ActiveCfg = Debug|Any CPU
		{2EE8933B-2286-4629-A26B-51B7D5F5226A}.Debug|Any CPU.Build.0 = Debug|Any CPU
		{2EE8933B-2286-4629-A26B-51B7D5F5226A}.Release|Any CPU.ActiveCfg = Release|Any CPU
		{2EE8933B-2286-4629-A26B-51B7D5F5226A}.Release|Any CPU.Build.0 = Release|Any CPU
		{F4A8048B-7C53-48B2-B8D9-CB660932A719}.Debug|Any CPU.ActiveCfg = Debug|Any CPU
		{F4A8048B-7C53-48B2-B8D9-CB660932A719}.Debug|Any CPU.Build.0 = Debug|Any CPU
		{F4A8048B-7C53-48B2-B8D9-CB660932A719}.Release|Any CPU.ActiveCfg = Release|Any CPU
		{F4A8048B-7C53-48B2-B8D9-CB660932A719}.Release|Any CPU.Build.0 = Release|Any CPU
		{DC1AAAE3-DA02-408C-A208-CDBE37A281EE}.Debug|Any CPU.ActiveCfg = Debug|Any CPU
		{DC1AAAE3-DA02-408C-A208-CDBE37A281EE}.Debug|Any CPU.Build.0 = Debug|Any CPU
		{DC1AAAE3-DA02-408C-A208-CDBE37A281EE}.Release|Any CPU.ActiveCfg = Release|Any CPU
		{DC1AAAE3-DA02-408C-A208-CDBE37A281EE}.Release|Any CPU.Build.0 = Release|Any CPU
		{C985F17C-2AC0-4217-AAFE-4E1625144020}.Debug|Any CPU.ActiveCfg = Debug|Any CPU
		{C985F17C-2AC0-4217-AAFE-4E1625144020}.Debug|Any CPU.Build.0 = Debug|Any CPU
		{C985F17C-2AC0-4217-AAFE-4E1625144020}.Release|Any CPU.ActiveCfg = Release|Any CPU
		{C985F17C-2AC0-4217-AAFE-4E1625144020}.Release|Any CPU.Build.0 = Release|Any CPU
		{E3573750-6E20-455B-8425-82911B6B5214}.Debug|Any CPU.ActiveCfg = Debug|Any CPU
		{E3573750-6E20-455B-8425-82911B6B5214}.Debug|Any CPU.Build.0 = Debug|Any CPU
		{E3573750-6E20-455B-8425-82911B6B5214}.Release|Any CPU.ActiveCfg = Release|Any CPU
		{E3573750-6E20-455B-8425-82911B6B5214}.Release|Any CPU.Build.0 = Release|Any CPU
		{E7A22FEA-9D89-485E-B42E-16442EDD75D8}.Debug|Any CPU.ActiveCfg = Debug|Any CPU
		{E7A22FEA-9D89-485E-B42E-16442EDD75D8}.Debug|Any CPU.Build.0 = Debug|Any CPU
		{E7A22FEA-9D89-485E-B42E-16442EDD75D8}.Release|Any CPU.ActiveCfg = Release|Any CPU
		{E7A22FEA-9D89-485E-B42E-16442EDD75D8}.Release|Any CPU.Build.0 = Release|Any CPU
		{97F2C790-472B-48D5-A36D-4D75CC7DA0A0}.Debug|Any CPU.ActiveCfg = Debug|Any CPU
		{97F2C790-472B-48D5-A36D-4D75CC7DA0A0}.Debug|Any CPU.Build.0 = Debug|Any CPU
		{97F2C790-472B-48D5-A36D-4D75CC7DA0A0}.Release|Any CPU.ActiveCfg = Release|Any CPU
		{97F2C790-472B-48D5-A36D-4D75CC7DA0A0}.Release|Any CPU.Build.0 = Release|Any CPU
		{C3678E2F-0E21-4F2F-9B26-25ABE43B31F9}.Debug|Any CPU.ActiveCfg = Debug|Any CPU
		{C3678E2F-0E21-4F2F-9B26-25ABE43B31F9}.Debug|Any CPU.Build.0 = Debug|Any CPU
		{C3678E2F-0E21-4F2F-9B26-25ABE43B31F9}.Release|Any CPU.ActiveCfg = Release|Any CPU
		{C3678E2F-0E21-4F2F-9B26-25ABE43B31F9}.Release|Any CPU.Build.0 = Release|Any CPU
		{0F68B3F3-4D34-4E16-8F7B-70EB0EF4BE1F}.Debug|Any CPU.ActiveCfg = Debug|Any CPU
		{0F68B3F3-4D34-4E16-8F7B-70EB0EF4BE1F}.Debug|Any CPU.Build.0 = Debug|Any CPU
		{0F68B3F3-4D34-4E16-8F7B-70EB0EF4BE1F}.Release|Any CPU.ActiveCfg = Release|Any CPU
		{0F68B3F3-4D34-4E16-8F7B-70EB0EF4BE1F}.Release|Any CPU.Build.0 = Release|Any CPU
		{650FE02C-6F32-4722-9124-0A076A36B576}.Debug|Any CPU.ActiveCfg = Debug|Any CPU
		{650FE02C-6F32-4722-9124-0A076A36B576}.Debug|Any CPU.Build.0 = Debug|Any CPU
		{650FE02C-6F32-4722-9124-0A076A36B576}.Release|Any CPU.ActiveCfg = Release|Any CPU
		{650FE02C-6F32-4722-9124-0A076A36B576}.Release|Any CPU.Build.0 = Release|Any CPU
		{158595E8-1F7A-492E-B818-D34992495464}.Debug|Any CPU.ActiveCfg = Debug|Any CPU
		{158595E8-1F7A-492E-B818-D34992495464}.Debug|Any CPU.Build.0 = Debug|Any CPU
		{158595E8-1F7A-492E-B818-D34992495464}.Release|Any CPU.ActiveCfg = Release|Any CPU
		{158595E8-1F7A-492E-B818-D34992495464}.Release|Any CPU.Build.0 = Release|Any CPU
		{2A0E22B9-61CA-4B97-B1E5-15FB18F69C1E}.Debug|Any CPU.ActiveCfg = Debug|Any CPU
		{2A0E22B9-61CA-4B97-B1E5-15FB18F69C1E}.Debug|Any CPU.Build.0 = Debug|Any CPU
		{2A0E22B9-61CA-4B97-B1E5-15FB18F69C1E}.Release|Any CPU.ActiveCfg = Release|Any CPU
		{2A0E22B9-61CA-4B97-B1E5-15FB18F69C1E}.Release|Any CPU.Build.0 = Release|Any CPU
		{50C4FD61-1143-4B84-BDF0-9012AEED9DD4}.Debug|Any CPU.ActiveCfg = Debug|Any CPU
		{50C4FD61-1143-4B84-BDF0-9012AEED9DD4}.Debug|Any CPU.Build.0 = Debug|Any CPU
		{50C4FD61-1143-4B84-BDF0-9012AEED9DD4}.Release|Any CPU.ActiveCfg = Release|Any CPU
		{50C4FD61-1143-4B84-BDF0-9012AEED9DD4}.Release|Any CPU.Build.0 = Release|Any CPU
		{197BA32B-F4D3-4384-967B-F92898657135}.Debug|Any CPU.ActiveCfg = Debug|Any CPU
		{197BA32B-F4D3-4384-967B-F92898657135}.Debug|Any CPU.Build.0 = Debug|Any CPU
		{197BA32B-F4D3-4384-967B-F92898657135}.Release|Any CPU.ActiveCfg = Release|Any CPU
		{197BA32B-F4D3-4384-967B-F92898657135}.Release|Any CPU.Build.0 = Release|Any CPU
		{50695C39-6C28-449E-AE15-5DB67A8F58C1}.Debug|Any CPU.ActiveCfg = Debug|Any CPU
		{50695C39-6C28-449E-AE15-5DB67A8F58C1}.Debug|Any CPU.Build.0 = Debug|Any CPU
		{50695C39-6C28-449E-AE15-5DB67A8F58C1}.Release|Any CPU.ActiveCfg = Release|Any CPU
		{50695C39-6C28-449E-AE15-5DB67A8F58C1}.Release|Any CPU.Build.0 = Release|Any CPU
		{CF3470ED-9375-4847-B69F-DE77CEA9B4D1}.Debug|Any CPU.ActiveCfg = Debug|Any CPU
		{CF3470ED-9375-4847-B69F-DE77CEA9B4D1}.Debug|Any CPU.Build.0 = Debug|Any CPU
		{CF3470ED-9375-4847-B69F-DE77CEA9B4D1}.Release|Any CPU.ActiveCfg = Release|Any CPU
		{CF3470ED-9375-4847-B69F-DE77CEA9B4D1}.Release|Any CPU.Build.0 = Release|Any CPU
		{40C0BF91-42A3-4ED6-BA35-0E21AB29FB08}.Debug|Any CPU.ActiveCfg = Debug|Any CPU
		{40C0BF91-42A3-4ED6-BA35-0E21AB29FB08}.Debug|Any CPU.Build.0 = Debug|Any CPU
		{40C0BF91-42A3-4ED6-BA35-0E21AB29FB08}.Release|Any CPU.ActiveCfg = Release|Any CPU
		{40C0BF91-42A3-4ED6-BA35-0E21AB29FB08}.Release|Any CPU.Build.0 = Release|Any CPU
		{671D5330-25A9-44D7-8C3A-A09079EBBD53}.Debug|Any CPU.ActiveCfg = Debug|Any CPU
		{671D5330-25A9-44D7-8C3A-A09079EBBD53}.Debug|Any CPU.Build.0 = Debug|Any CPU
		{671D5330-25A9-44D7-8C3A-A09079EBBD53}.Release|Any CPU.ActiveCfg = Release|Any CPU
		{671D5330-25A9-44D7-8C3A-A09079EBBD53}.Release|Any CPU.Build.0 = Release|Any CPU
		{D0F9CB1B-CC42-4C75-9385-7190CD39CC68}.Debug|Any CPU.ActiveCfg = Debug|Any CPU
		{D0F9CB1B-CC42-4C75-9385-7190CD39CC68}.Debug|Any CPU.Build.0 = Debug|Any CPU
		{D0F9CB1B-CC42-4C75-9385-7190CD39CC68}.Release|Any CPU.ActiveCfg = Release|Any CPU
		{D0F9CB1B-CC42-4C75-9385-7190CD39CC68}.Release|Any CPU.Build.0 = Release|Any CPU
		{81DECE9D-42E6-43B6-8171-BAE180184B67}.Debug|Any CPU.ActiveCfg = Debug|Any CPU
		{81DECE9D-42E6-43B6-8171-BAE180184B67}.Debug|Any CPU.Build.0 = Debug|Any CPU
		{81DECE9D-42E6-43B6-8171-BAE180184B67}.Release|Any CPU.ActiveCfg = Release|Any CPU
		{81DECE9D-42E6-43B6-8171-BAE180184B67}.Release|Any CPU.Build.0 = Release|Any CPU
		{17A9458A-D060-498D-A60A-3718B20AEF44}.Debug|Any CPU.ActiveCfg = Debug|Any CPU
		{17A9458A-D060-498D-A60A-3718B20AEF44}.Debug|Any CPU.Build.0 = Debug|Any CPU
		{17A9458A-D060-498D-A60A-3718B20AEF44}.Release|Any CPU.ActiveCfg = Release|Any CPU
		{17A9458A-D060-498D-A60A-3718B20AEF44}.Release|Any CPU.Build.0 = Release|Any CPU
		{A5660D16-CDA9-496F-B75C-62E55719C67A}.Debug|Any CPU.ActiveCfg = Debug|Any CPU
		{A5660D16-CDA9-496F-B75C-62E55719C67A}.Debug|Any CPU.Build.0 = Debug|Any CPU
		{A5660D16-CDA9-496F-B75C-62E55719C67A}.Release|Any CPU.ActiveCfg = Release|Any CPU
		{A5660D16-CDA9-496F-B75C-62E55719C67A}.Release|Any CPU.Build.0 = Release|Any CPU
		{73664D2A-D288-44B9-BA5B-D422391F18DE}.Debug|Any CPU.ActiveCfg = Debug|Any CPU
		{73664D2A-D288-44B9-BA5B-D422391F18DE}.Debug|Any CPU.Build.0 = Debug|Any CPU
		{73664D2A-D288-44B9-BA5B-D422391F18DE}.Release|Any CPU.ActiveCfg = Release|Any CPU
		{73664D2A-D288-44B9-BA5B-D422391F18DE}.Release|Any CPU.Build.0 = Release|Any CPU
		{777E8287-9F5C-4219-ADC2-00BB2ECEF3B7}.Debug|Any CPU.ActiveCfg = Debug|Any CPU
		{777E8287-9F5C-4219-ADC2-00BB2ECEF3B7}.Debug|Any CPU.Build.0 = Debug|Any CPU
		{777E8287-9F5C-4219-ADC2-00BB2ECEF3B7}.Release|Any CPU.ActiveCfg = Release|Any CPU
		{777E8287-9F5C-4219-ADC2-00BB2ECEF3B7}.Release|Any CPU.Build.0 = Release|Any CPU
	EndGlobalSection
	GlobalSection(SolutionProperties) = preSolution
		HideSolutionNode = FALSE
	EndGlobalSection
EndGlobal
